
Microsoft Visual Studio Solution File, Format Version 12.00
# Visual Studio Version 16
VisualStudioVersion = 25.0.1704.1
MinimumVisualStudioVersion = 10.0.40219.1
Project("{FAE04EC0-301F-11D3-BF4B-00C04F79EFBC}") = "techComercio.Application", "techComercio.Application\techComercio.Application.csproj", "{A056E71C-BE75-4251-90D9-7A03B681BA34}"
EndProject
Project("{FAE04EC0-301F-11D3-BF4B-00C04F79EFBC}") = "techComercio.Domain", "techComercio.Domain\techComercio.Domain.csproj", "{BED10F07-FFC8-409C-A787-B8D4C6CB9C25}"
EndProject
Project("{FAE04EC0-301F-11D3-BF4B-00C04F79EFBC}") = "techComercio.Persistence", "techComercio.Persistence\techComercio.Persistence.csproj", "{89514515-C69A-4EF5-9C7C-3C174AA77446}"
EndProject
Project("{FAE04EC0-301F-11D3-BF4B-00C04F79EFBC}") = "techComercio.API", "techComercio.API\techComercio.API.csproj", "{92EC5C37-B5D3-4BEB-9694-42B0527A05E3}"
EndProject
Project("{FAE04EC0-301F-11D3-BF4B-00C04F79EFBC}") = "techComercio.Tests", "techComercio.Tests\techComercio.Tests.csproj", "{70DCCD34-D98C-4D56-8C9B-20793BB6D8B4}"
EndProject
Global
	GlobalSection(SolutionConfigurationPlatforms) = preSolution
		Debug|Any CPU = Debug|Any CPU
		Release|Any CPU = Release|Any CPU
	EndGlobalSection
	GlobalSection(ProjectConfigurationPlatforms) = postSolution
		{A056E71C-BE75-4251-90D9-7A03B681BA34}.Debug|Any CPU.ActiveCfg = Debug|Any CPU
		{A056E71C-BE75-4251-90D9-7A03B681BA34}.Debug|Any CPU.Build.0 = Debug|Any CPU
		{A056E71C-BE75-4251-90D9-7A03B681BA34}.Release|Any CPU.ActiveCfg = Release|Any CPU
		{A056E71C-BE75-4251-90D9-7A03B681BA34}.Release|Any CPU.Build.0 = Release|Any CPU
		{BED10F07-FFC8-409C-A787-B8D4C6CB9C25}.Debug|Any CPU.ActiveCfg = Debug|Any CPU
		{BED10F07-FFC8-409C-A787-B8D4C6CB9C25}.Debug|Any CPU.Build.0 = Debug|Any CPU
		{BED10F07-FFC8-409C-A787-B8D4C6CB9C25}.Release|Any CPU.ActiveCfg = Release|Any CPU
		{BED10F07-FFC8-409C-A787-B8D4C6CB9C25}.Release|Any CPU.Build.0 = Release|Any CPU
		{89514515-C69A-4EF5-9C7C-3C174AA77446}.Debug|Any CPU.ActiveCfg = Debug|Any CPU
		{89514515-C69A-4EF5-9C7C-3C174AA77446}.Debug|Any CPU.Build.0 = Debug|Any CPU
		{89514515-C69A-4EF5-9C7C-3C174AA77446}.Release|Any CPU.ActiveCfg = Release|Any CPU
		{89514515-C69A-4EF5-9C7C-3C174AA77446}.Release|Any CPU.Build.0 = Release|Any CPU
		{92EC5C37-B5D3-4BEB-9694-42B0527A05E3}.Debug|Any CPU.ActiveCfg = Debug|Any CPU
		{92EC5C37-B5D3-4BEB-9694-42B0527A05E3}.Debug|Any CPU.Build.0 = Debug|Any CPU
		{92EC5C37-B5D3-4BEB-9694-42B0527A05E3}.Release|Any CPU.ActiveCfg = Release|Any CPU
		{92EC5C37-B5D3-4BEB-9694-42B0527A05E3}.Release|Any CPU.Build.0 = Release|Any CPU
		{70DCCD34-D98C-4D56-8C9B-20793BB6D8B4}.Debug|Any CPU.ActiveCfg = Debug|Any CPU
		{70DCCD34-D98C-4D56-8C9B-20793BB6D8B4}.Debug|Any CPU.Build.0 = Debug|Any CPU
		{70DCCD34-D98C-4D56-8C9B-20793BB6D8B4}.Release|Any CPU.ActiveCfg = Release|Any CPU
		{70DCCD34-D98C-4D56-8C9B-20793BB6D8B4}.Release|Any CPU.Build.0 = Release|Any CPU
	EndGlobalSection
	GlobalSection(SolutionProperties) = preSolution
		HideSolutionNode = FALSE
	EndGlobalSection
	GlobalSection(ExtensibilityGlobals) = postSolution
		SolutionGuid = {ED24CA15-A1C5-410A-9D4C-69DD96800596}
	EndGlobalSection
EndGlobal
